
Microsoft Visual Studio Solution File, Format Version 12.00
# Visual Studio Version 17
VisualStudioVersion = 17.8.34316.72
MinimumVisualStudioVersion = 10.0.40219.1
Project("{FAE04EC0-301F-11D3-BF4B-00C04F79EFBC}") = "Robot 1", "Robot 1\Robot 1.csproj", "{0994DB51-E752-437D-A53C-0FA902D814BE}"
EndProject
Global
	GlobalSection(SolutionConfigurationPlatforms) = preSolution
		Debug|Any CPU = Debug|Any CPU
		Release|Any CPU = Release|Any CPU
	EndGlobalSection
	GlobalSection(ProjectConfigurationPlatforms) = postSolution
		{0994DB51-E752-437D-A53C-0FA902D814BE}.Debug|Any CPU.ActiveCfg = Debug|Any CPU
		{0994DB51-E752-437D-A53C-0FA902D814BE}.Debug|Any CPU.Build.0 = Debug|Any CPU
		{0994DB51-E752-437D-A53C-0FA902D814BE}.Release|Any CPU.ActiveCfg = Release|Any CPU
		{0994DB51-E752-437D-A53C-0FA902D814BE}.Release|Any CPU.Build.0 = Release|Any CPU
	EndGlobalSection
	GlobalSection(SolutionProperties) = preSolution
		HideSolutionNode = FALSE
	EndGlobalSection
	GlobalSection(ExtensibilityGlobals) = postSolution
		SolutionGuid = {E12CBDF9-F022-4CB1-A7C8-119242B5C070}
	EndGlobalSection
EndGlobal
